
Microsoft Visual Studio Solution File, Format Version 12.00
# Visual Studio Version 16
VisualStudioVersion = 16.0.30114.105
MinimumVisualStudioVersion = 10.0.40219.1
Project("{FAE04EC0-301F-11D3-BF4B-00C04F79EFBC}") = "Project", "Project.csproj", "{AE7E3C93-8E15-4F49-AF53-73605EADF9D0}"
EndProject
Global
	GlobalSection(SolutionConfigurationPlatforms) = preSolution
		Debug|Any CPU = Debug|Any CPU
		Release|Any CPU = Release|Any CPU
	EndGlobalSection
	GlobalSection(ProjectConfigurationPlatforms) = postSolution
		{AE7E3C93-8E15-4F49-AF53-73605EADF9D0}.Debug|Any CPU.ActiveCfg = Debug|Any CPU
		{AE7E3C93-8E15-4F49-AF53-73605EADF9D0}.Debug|Any CPU.Build.0 = Debug|Any CPU
		{AE7E3C93-8E15-4F49-AF53-73605EADF9D0}.Release|Any CPU.ActiveCfg = Release|Any CPU
		{AE7E3C93-8E15-4F49-AF53-73605EADF9D0}.Release|Any CPU.Build.0 = Release|Any CPU
	EndGlobalSection
	GlobalSection(SolutionProperties) = preSolution
		HideSolutionNode = FALSE
	EndGlobalSection
	GlobalSection(ExtensibilityGlobals) = postSolution
		SolutionGuid = {14BB5C6F-D92A-4DBD-B782-C8E135DBD264}
	EndGlobalSection
EndGlobal
